// !$*UTF8*$!
{
	archiveVersion = 1;
	classes = {
	};
	objectVersion = 56;
	objects = {

/* Begin PBXBuildFile section */
		3D319C532BDCEF950095BE28 /* File.swift in Sources */ = {isa = PBXBuildFile; fileRef = 3D319C522BDCEF950095BE28 /* File.swift */; };
		3D8F70872BDCC52E005642CD /* AppDelegate.swift in Sources */ = {isa = PBXBuildFile; fileRef = 3D8F70862BDCC52E005642CD /* AppDelegate.swift */; };
		3D8F70892BDCC52E005642CD /* SceneDelegate.swift in Sources */ = {isa = PBXBuildFile; fileRef = 3D8F70882BDCC52E005642CD /* SceneDelegate.swift */; };
		3D8F708B2BDCC52E005642CD /* HomeViewController.swift in Sources */ = {isa = PBXBuildFile; fileRef = 3D8F708A2BDCC52E005642CD /* HomeViewController.swift */; };
		3D8F708E2BDCC52E005642CD /* Base in Resources */ = {isa = PBXBuildFile; fileRef = 3D8F708D2BDCC52E005642CD /* Base */; };
		3D8F70902BDCC52F005642CD /* Assets.xcassets in Resources */ = {isa = PBXBuildFile; fileRef = 3D8F708F2BDCC52F005642CD /* Assets.xcassets */; };
		3D8F70932BDCC52F005642CD /* Base in Resources */ = {isa = PBXBuildFile; fileRef = 3D8F70922BDCC52F005642CD /* Base */; };
		3DD01DA82BDD147100B13771 /* SearchViewController.swift in Sources */ = {isa = PBXBuildFile; fileRef = 3DD01DA72BDD147100B13771 /* SearchViewController.swift */; };
		3DD01DAB2BDD173D00B13771 /* CityManager.swift in Sources */ = {isa = PBXBuildFile; fileRef = 3DD01DAA2BDD173D00B13771 /* CityManager.swift */; };
		3DD01DAF2BDD214600B13771 /* CityCell.swift in Sources */ = {isa = PBXBuildFile; fileRef = 3DD01DAD2BDD214600B13771 /* CityCell.swift */; };
		3DD01DB02BDD214600B13771 /* CityCell.xib in Resources */ = {isa = PBXBuildFile; fileRef = 3DD01DAE2BDD214600B13771 /* CityCell.xib */; };
		3DD01DB32BDD34B100B13771 /* CustomEmptyView.swift in Sources */ = {isa = PBXBuildFile; fileRef = 3DD01DB22BDD34B100B13771 /* CustomEmptyView.swift */; };
/* End PBXBuildFile section */

/* Begin PBXFileReference section */
		3D319C522BDCEF950095BE28 /* File.swift */ = {isa = PBXFileReference; lastKnownFileType = sourcecode.swift; path = File.swift; sourceTree = "<group>"; };
		3D8F70832BDCC52E005642CD /* BussTicketApp.app */ = {isa = PBXFileReference; explicitFileType = wrapper.application; includeInIndex = 0; path = BussTicketApp.app; sourceTree = BUILT_PRODUCTS_DIR; };
		3D8F70862BDCC52E005642CD /* AppDelegate.swift */ = {isa = PBXFileReference; lastKnownFileType = sourcecode.swift; path = AppDelegate.swift; sourceTree = "<group>"; };
		3D8F70882BDCC52E005642CD /* SceneDelegate.swift */ = {isa = PBXFileReference; lastKnownFileType = sourcecode.swift; path = SceneDelegate.swift; sourceTree = "<group>"; };
		3D8F708A2BDCC52E005642CD /* HomeViewController.swift */ = {isa = PBXFileReference; lastKnownFileType = sourcecode.swift; path = HomeViewController.swift; sourceTree = "<group>"; };
		3D8F708D2BDCC52E005642CD /* Base */ = {isa = PBXFileReference; lastKnownFileType = file.storyboard; name = Base; path = Base.lproj/Main.storyboard; sourceTree = "<group>"; };
		3D8F708F2BDCC52F005642CD /* Assets.xcassets */ = {isa = PBXFileReference; lastKnownFileType = folder.assetcatalog; path = Assets.xcassets; sourceTree = "<group>"; };
		3D8F70922BDCC52F005642CD /* Base */ = {isa = PBXFileReference; lastKnownFileType = file.storyboard; name = Base; path = Base.lproj/LaunchScreen.storyboard; sourceTree = "<group>"; };
		3D8F70942BDCC52F005642CD /* Info.plist */ = {isa = PBXFileReference; lastKnownFileType = text.plist.xml; path = Info.plist; sourceTree = "<group>"; };
		3DD01DA72BDD147100B13771 /* SearchViewController.swift */ = {isa = PBXFileReference; lastKnownFileType = sourcecode.swift; path = SearchViewController.swift; sourceTree = "<group>"; };
		3DD01DAA2BDD173D00B13771 /* CityManager.swift */ = {isa = PBXFileReference; lastKnownFileType = sourcecode.swift; path = CityManager.swift; sourceTree = "<group>"; };
		3DD01DAD2BDD214600B13771 /* CityCell.swift */ = {isa = PBXFileReference; lastKnownFileType = sourcecode.swift; path = CityCell.swift; sourceTree = "<group>"; };
		3DD01DAE2BDD214600B13771 /* CityCell.xib */ = {isa = PBXFileReference; lastKnownFileType = file.xib; path = CityCell.xib; sourceTree = "<group>"; };
		3DD01DB22BDD34B100B13771 /* CustomEmptyView.swift */ = {isa = PBXFileReference; lastKnownFileType = sourcecode.swift; path = CustomEmptyView.swift; sourceTree = "<group>"; };
/* End PBXFileReference section */

/* Begin PBXFrameworksBuildPhase section */
		3D8F70802BDCC52E005642CD /* Frameworks */ = {
			isa = PBXFrameworksBuildPhase;
			buildActionMask = 2147483647;
			files = (
			);
			runOnlyForDeploymentPostprocessing = 0;
		};
/* End PBXFrameworksBuildPhase section */

/* Begin PBXGroup section */
		3D319C512BDCEF790095BE28 /* Extensions */ = {
			isa = PBXGroup;
			children = (
				3D319C522BDCEF950095BE28 /* File.swift */,
			);
			path = Extensions;
			sourceTree = "<group>";
		};
		3D42F4722BDCCAAD00F2C79B /* Core */ = {
			isa = PBXGroup;
			children = (
				3D8F70862BDCC52E005642CD /* AppDelegate.swift */,
				3D8F70882BDCC52E005642CD /* SceneDelegate.swift */,
			);
			path = Core;
			sourceTree = "<group>";
		};
		3D42F4732BDCCADB00F2C79B /* Views */ = {
			isa = PBXGroup;
			children = (
				3DD01DB12BDD346D00B13771 /* CustomViews */,
				3DD01DAC2BDD211C00B13771 /* TableViews */,
			);
			path = Views;
			sourceTree = "<group>";
		};
		3D42F4742BDCCAE100F2C79B /* Files */ = {
			isa = PBXGroup;
			children = (
				3D8F70942BDCC52F005642CD /* Info.plist */,
				3D8F70912BDCC52F005642CD /* LaunchScreen.storyboard */,
				3D8F708F2BDCC52F005642CD /* Assets.xcassets */,
			);
			name = Files;
			sourceTree = "<group>";
		};
		3D42F4752BDCCB3200F2C79B /* Models */ = {
			isa = PBXGroup;
			children = (
				3DD01DAA2BDD173D00B13771 /* CityManager.swift */,
			);
			path = Models;
			sourceTree = "<group>";
		};
		3D42F4762BDCCB6200F2C79B /* Controller */ = {
			isa = PBXGroup;
			children = (
				3D8F708A2BDCC52E005642CD /* HomeViewController.swift */,
				3DD01DA72BDD147100B13771 /* SearchViewController.swift */,
			);
			path = Controller;
			sourceTree = "<group>";
		};
		3D8F707A2BDCC52E005642CD = {
			isa = PBXGroup;
			children = (
				3D8F70852BDCC52E005642CD /* BussTicketApp */,
				3D8F70842BDCC52E005642CD /* Products */,
			);
			sourceTree = "<group>";
		};
		3D8F70842BDCC52E005642CD /* Products */ = {
			isa = PBXGroup;
			children = (
				3D8F70832BDCC52E005642CD /* BussTicketApp.app */,
			);
			name = Products;
			sourceTree = "<group>";
		};
		3D8F70852BDCC52E005642CD /* BussTicketApp */ = {
			isa = PBXGroup;
			children = (
				3D319C512BDCEF790095BE28 /* Extensions */,
				3D42F4722BDCCAAD00F2C79B /* Core */,
				3D42F4752BDCCB3200F2C79B /* Models */,
				3D42F4732BDCCADB00F2C79B /* Views */,
				3D42F4762BDCCB6200F2C79B /* Controller */,
				3D42F4742BDCCAE100F2C79B /* Files */,
				3D8F708C2BDCC52E005642CD /* Main.storyboard */,
			);
			path = BussTicketApp;
			sourceTree = "<group>";
		};
		3DD01DAC2BDD211C00B13771 /* TableViews */ = {
			isa = PBXGroup;
			children = (
				3DD01DAD2BDD214600B13771 /* CityCell.swift */,
				3DD01DAE2BDD214600B13771 /* CityCell.xib */,
			);
			path = TableViews;
			sourceTree = "<group>";
		};
		3DD01DB12BDD346D00B13771 /* CustomViews */ = {
			isa = PBXGroup;
			children = (
				3DD01DB22BDD34B100B13771 /* CustomEmptyView.swift */,
			);
			path = CustomViews;
			sourceTree = "<group>";
		};
/* End PBXGroup section */

/* Begin PBXNativeTarget section */
		3D8F70822BDCC52E005642CD /* BussTicketApp */ = {
			isa = PBXNativeTarget;
			buildConfigurationList = 3D8F70972BDCC52F005642CD /* Build configuration list for PBXNativeTarget "BussTicketApp" */;
			buildPhases = (
				3D8F707F2BDCC52E005642CD /* Sources */,
				3D8F70802BDCC52E005642CD /* Frameworks */,
				3D8F70812BDCC52E005642CD /* Resources */,
			);
			buildRules = (
			);
			dependencies = (
			);
			name = BussTicketApp;
			productName = BussTicketApp;
			productReference = 3D8F70832BDCC52E005642CD /* BussTicketApp.app */;
			productType = "com.apple.product-type.application";
		};
/* End PBXNativeTarget section */

/* Begin PBXProject section */
		3D8F707B2BDCC52E005642CD /* Project object */ = {
			isa = PBXProject;
			attributes = {
				BuildIndependentTargetsInParallel = 1;
				LastSwiftUpdateCheck = 1530;
				LastUpgradeCheck = 1530;
				TargetAttributes = {
					3D8F70822BDCC52E005642CD = {
						CreatedOnToolsVersion = 15.3;
					};
				};
			};
			buildConfigurationList = 3D8F707E2BDCC52E005642CD /* Build configuration list for PBXProject "BussTicketApp" */;
			compatibilityVersion = "Xcode 14.0";
			developmentRegion = en;
			hasScannedForEncodings = 0;
			knownRegions = (
				en,
				Base,
			);
			mainGroup = 3D8F707A2BDCC52E005642CD;
			productRefGroup = 3D8F70842BDCC52E005642CD /* Products */;
			projectDirPath = "";
			projectRoot = "";
			targets = (
				3D8F70822BDCC52E005642CD /* BussTicketApp */,
			);
		};
/* End PBXProject section */

/* Begin PBXResourcesBuildPhase section */
		3D8F70812BDCC52E005642CD /* Resources */ = {
			isa = PBXResourcesBuildPhase;
			buildActionMask = 2147483647;
			files = (
				3D8F70902BDCC52F005642CD /* Assets.xcassets in Resources */,
				3D8F70932BDCC52F005642CD /* Base in Resources */,
				3DD01DB02BDD214600B13771 /* CityCell.xib in Resources */,
				3D8F708E2BDCC52E005642CD /* Base in Resources */,
			);
			runOnlyForDeploymentPostprocessing = 0;
		};
/* End PBXResourcesBuildPhase section */

/* Begin PBXSourcesBuildPhase section */
		3D8F707F2BDCC52E005642CD /* Sources */ = {
			isa = PBXSourcesBuildPhase;
			buildActionMask = 2147483647;
			files = (
				3DD01DA82BDD147100B13771 /* SearchViewController.swift in Sources */,
				3D8F708B2BDCC52E005642CD /* HomeViewController.swift in Sources */,
				3DD01DAB2BDD173D00B13771 /* CityManager.swift in Sources */,
				3D319C532BDCEF950095BE28 /* File.swift in Sources */,
				3D8F70872BDCC52E005642CD /* AppDelegate.swift in Sources */,
				3DD01DAF2BDD214600B13771 /* CityCell.swift in Sources */,
				3DD01DB32BDD34B100B13771 /* CustomEmptyView.swift in Sources */,
				3D8F70892BDCC52E005642CD /* SceneDelegate.swift in Sources */,
			);
			runOnlyForDeploymentPostprocessing = 0;
		};
/* End PBXSourcesBuildPhase section */

/* Begin PBXVariantGroup section */
		3D8F708C2BDCC52E005642CD /* Main.storyboard */ = {
			isa = PBXVariantGroup;
			children = (
				3D8F708D2BDCC52E005642CD /* Base */,
			);
			name = Main.storyboard;
			sourceTree = "<group>";
		};
		3D8F70912BDCC52F005642CD /* LaunchScreen.storyboard */ = {
			isa = PBXVariantGroup;
			children = (
				3D8F70922BDCC52F005642CD /* Base */,
			);
			name = LaunchScreen.storyboard;
			sourceTree = "<group>";
		};
/* End PBXVariantGroup section */

/* Begin XCBuildConfiguration section */
		3D8F70952BDCC52F005642CD /* Debug */ = {
			isa = XCBuildConfiguration;
			buildSettings = {
				ALWAYS_SEARCH_USER_PATHS = NO;
				ASSETCATALOG_COMPILER_GENERATE_SWIFT_ASSET_SYMBOL_EXTENSIONS = YES;
				CLANG_ANALYZER_NONNULL = YES;
				CLANG_ANALYZER_NUMBER_OBJECT_CONVERSION = YES_AGGRESSIVE;
				CLANG_CXX_LANGUAGE_STANDARD = "gnu++20";
				CLANG_ENABLE_MODULES = YES;
				CLANG_ENABLE_OBJC_ARC = YES;
				CLANG_ENABLE_OBJC_WEAK = YES;
				CLANG_WARN_BLOCK_CAPTURE_AUTORELEASING = YES;
				CLANG_WARN_BOOL_CONVERSION = YES;
				CLANG_WARN_COMMA = YES;
				CLANG_WARN_CONSTANT_CONVERSION = YES;
				CLANG_WARN_DEPRECATED_OBJC_IMPLEMENTATIONS = YES;
				CLANG_WARN_DIRECT_OBJC_ISA_USAGE = YES_ERROR;
				CLANG_WARN_DOCUMENTATION_COMMENTS = YES;
				CLANG_WARN_EMPTY_BODY = YES;
				CLANG_WARN_ENUM_CONVERSION = YES;
				CLANG_WARN_INFINITE_RECURSION = YES;
				CLANG_WARN_INT_CONVERSION = YES;
				CLANG_WARN_NON_LITERAL_NULL_CONVERSION = YES;
				CLANG_WARN_OBJC_IMPLICIT_RETAIN_SELF = YES;
				CLANG_WARN_OBJC_LITERAL_CONVERSION = YES;
				CLANG_WARN_OBJC_ROOT_CLASS = YES_ERROR;
				CLANG_WARN_QUOTED_INCLUDE_IN_FRAMEWORK_HEADER = YES;
				CLANG_WARN_RANGE_LOOP_ANALYSIS = YES;
				CLANG_WARN_STRICT_PROTOTYPES = YES;
				CLANG_WARN_SUSPICIOUS_MOVE = YES;
				CLANG_WARN_UNGUARDED_AVAILABILITY = YES_AGGRESSIVE;
				CLANG_WARN_UNREACHABLE_CODE = YES;
				CLANG_WARN__DUPLICATE_METHOD_MATCH = YES;
				COPY_PHASE_STRIP = NO;
				DEBUG_INFORMATION_FORMAT = dwarf;
				ENABLE_STRICT_OBJC_MSGSEND = YES;
				ENABLE_TESTABILITY = YES;
				ENABLE_USER_SCRIPT_SANDBOXING = YES;
				GCC_C_LANGUAGE_STANDARD = gnu17;
				GCC_DYNAMIC_NO_PIC = NO;
				GCC_NO_COMMON_BLOCKS = YES;
				GCC_OPTIMIZATION_LEVEL = 0;
				GCC_PREPROCESSOR_DEFINITIONS = (
					"DEBUG=1",
					"$(inherited)",
				);
				GCC_WARN_64_TO_32_BIT_CONVERSION = YES;
				GCC_WARN_ABOUT_RETURN_TYPE = YES_ERROR;
				GCC_WARN_UNDECLARED_SELECTOR = YES;
				GCC_WARN_UNINITIALIZED_AUTOS = YES_AGGRESSIVE;
				GCC_WARN_UNUSED_FUNCTION = YES;
				GCC_WARN_UNUSED_VARIABLE = YES;
				IPHONEOS_DEPLOYMENT_TARGET = 17.4;
				LOCALIZATION_PREFERS_STRING_CATALOGS = YES;
				MTL_ENABLE_DEBUG_INFO = INCLUDE_SOURCE;
				MTL_FAST_MATH = YES;
				ONLY_ACTIVE_ARCH = YES;
				SDKROOT = iphoneos;
				SWIFT_ACTIVE_COMPILATION_CONDITIONS = "DEBUG $(inherited)";
				SWIFT_OPTIMIZATION_LEVEL = "-Onone";
			};
			name = Debug;
		};
		3D8F70962BDCC52F005642CD /* Release */ = {
			isa = XCBuildConfiguration;
			buildSettings = {
				ALWAYS_SEARCH_USER_PATHS = NO;
				ASSETCATALOG_COMPILER_GENERATE_SWIFT_ASSET_SYMBOL_EXTENSIONS = YES;
				CLANG_ANALYZER_NONNULL = YES;
				CLANG_ANALYZER_NUMBER_OBJECT_CONVERSION = YES_AGGRESSIVE;
				CLANG_CXX_LANGUAGE_STANDARD = "gnu++20";
				CLANG_ENABLE_MODULES = YES;
				CLANG_ENABLE_OBJC_ARC = YES;
				CLANG_ENABLE_OBJC_WEAK = YES;
				CLANG_WARN_BLOCK_CAPTURE_AUTORELEASING = YES;
				CLANG_WARN_BOOL_CONVERSION = YES;
				CLANG_WARN_COMMA = YES;
				CLANG_WARN_CONSTANT_CONVERSION = YES;
				CLANG_WARN_DEPRECATED_OBJC_IMPLEMENTATIONS = YES;
				CLANG_WARN_DIRECT_OBJC_ISA_USAGE = YES_ERROR;
				CLANG_WARN_DOCUMENTATION_COMMENTS = YES;
				CLANG_WARN_EMPTY_BODY = YES;
				CLANG_WARN_ENUM_CONVERSION = YES;
				CLANG_WARN_INFINITE_RECURSION = YES;
				CLANG_WARN_INT_CONVERSION = YES;
				CLANG_WARN_NON_LITERAL_NULL_CONVERSION = YES;
				CLANG_WARN_OBJC_IMPLICIT_RETAIN_SELF = YES;
				CLANG_WARN_OBJC_LITERAL_CONVERSION = YES;
				CLANG_WARN_OBJC_ROOT_CLASS = YES_ERROR;
				CLANG_WARN_QUOTED_INCLUDE_IN_FRAMEWORK_HEADER = YES;
				CLANG_WARN_RANGE_LOOP_ANALYSIS = YES;
				CLANG_WARN_STRICT_PROTOTYPES = YES;
				CLANG_WARN_SUSPICIOUS_MOVE = YES;
				CLANG_WARN_UNGUARDED_AVAILABILITY = YES_AGGRESSIVE;
				CLANG_WARN_UNREACHABLE_CODE = YES;
				CLANG_WARN__DUPLICATE_METHOD_MATCH = YES;
				COPY_PHASE_STRIP = NO;
				DEBUG_INFORMATION_FORMAT = "dwarf-with-dsym";
				ENABLE_NS_ASSERTIONS = NO;
				ENABLE_STRICT_OBJC_MSGSEND = YES;
				ENABLE_USER_SCRIPT_SANDBOXING = YES;
				GCC_C_LANGUAGE_STANDARD = gnu17;
				GCC_NO_COMMON_BLOCKS = YES;
				GCC_WARN_64_TO_32_BIT_CONVERSION = YES;
				GCC_WARN_ABOUT_RETURN_TYPE = YES_ERROR;
				GCC_WARN_UNDECLARED_SELECTOR = YES;
				GCC_WARN_UNINITIALIZED_AUTOS = YES_AGGRESSIVE;
				GCC_WARN_UNUSED_FUNCTION = YES;
				GCC_WARN_UNUSED_VARIABLE = YES;
				IPHONEOS_DEPLOYMENT_TARGET = 17.4;
				LOCALIZATION_PREFERS_STRING_CATALOGS = YES;
				MTL_ENABLE_DEBUG_INFO = NO;
				MTL_FAST_MATH = YES;
				SDKROOT = iphoneos;
				SWIFT_COMPILATION_MODE = wholemodule;
				VALIDATE_PRODUCT = YES;
			};
			name = Release;
		};
		3D8F70982BDCC52F005642CD /* Debug */ = {
			isa = XCBuildConfiguration;
			buildSettings = {
				ASSETCATALOG_COMPILER_APPICON_NAME = AppIcon;
				ASSETCATALOG_COMPILER_GLOBAL_ACCENT_COLOR_NAME = AccentColor;
				CODE_SIGN_STYLE = Automatic;
				CURRENT_PROJECT_VERSION = 1;
				GENERATE_INFOPLIST_FILE = YES;
				INFOPLIST_FILE = BussTicketApp/Info.plist;
				INFOPLIST_KEY_UIApplicationSupportsIndirectInputEvents = YES;
				INFOPLIST_KEY_UILaunchStoryboardName = LaunchScreen;
				INFOPLIST_KEY_UIMainStoryboardFile = Main;
				INFOPLIST_KEY_UISupportedInterfaceOrientations_iPad = "UIInterfaceOrientationPortrait UIInterfaceOrientationPortraitUpsideDown UIInterfaceOrientationLandscapeLeft UIInterfaceOrientationLandscapeRight";
				INFOPLIST_KEY_UISupportedInterfaceOrientations_iPhone = "UIInterfaceOrientationPortrait UIInterfaceOrientationLandscapeLeft UIInterfaceOrientationLandscapeRight";
				LD_RUNPATH_SEARCH_PATHS = (
					"$(inherited)",
					"@executable_path/Frameworks",
				);
				MARKETING_VERSION = 1.0;
				PRODUCT_BUNDLE_IDENTIFIER = com.alihizardere.BussTicketApp;
				PRODUCT_NAME = "$(TARGET_NAME)";
				SWIFT_EMIT_LOC_STRINGS = YES;
				SWIFT_VERSION = 5.0;
				TARGETED_DEVICE_FAMILY = "1,2";
			};
			name = Debug;
		};
		3D8F70992BDCC52F005642CD /* Release */ = {
			isa = XCBuildConfiguration;
			buildSettings = {
				ASSETCATALOG_COMPILER_APPICON_NAME = AppIcon;
				ASSETCATALOG_COMPILER_GLOBAL_ACCENT_COLOR_NAME = AccentColor;
				CODE_SIGN_STYLE = Automatic;
				CURRENT_PROJECT_VERSION = 1;
				GENERATE_INFOPLIST_FILE = YES;
				INFOPLIST_FILE = BussTicketApp/Info.plist;
				INFOPLIST_KEY_UIApplicationSupportsIndirectInputEvents = YES;
				INFOPLIST_KEY_UILaunchStoryboardName = LaunchScreen;
				INFOPLIST_KEY_UIMainStoryboardFile = Main;
				INFOPLIST_KEY_UISupportedInterfaceOrientations_iPad = "UIInterfaceOrientationPortrait UIInterfaceOrientationPortraitUpsideDown UIInterfaceOrientationLandscapeLeft UIInterfaceOrientationLandscapeRight";
				INFOPLIST_KEY_UISupportedInterfaceOrientations_iPhone = "UIInterfaceOrientationPortrait UIInterfaceOrientationLandscapeLeft UIInterfaceOrientationLandscapeRight";
				LD_RUNPATH_SEARCH_PATHS = (
					"$(inherited)",
					"@executable_path/Frameworks",
				);
				MARKETING_VERSION = 1.0;
				PRODUCT_BUNDLE_IDENTIFIER = com.alihizardere.BussTicketApp;
				PRODUCT_NAME = "$(TARGET_NAME)";
				SWIFT_EMIT_LOC_STRINGS = YES;
				SWIFT_VERSION = 5.0;
				TARGETED_DEVICE_FAMILY = "1,2";
			};
			name = Release;
		};
/* End XCBuildConfiguration section */

/* Begin XCConfigurationList section */
		3D8F707E2BDCC52E005642CD /* Build configuration list for PBXProject "BussTicketApp" */ = {
			isa = XCConfigurationList;
			buildConfigurations = (
				3D8F70952BDCC52F005642CD /* Debug */,
				3D8F70962BDCC52F005642CD /* Release */,
			);
			defaultConfigurationIsVisible = 0;
			defaultConfigurationName = Release;
		};
		3D8F70972BDCC52F005642CD /* Build configuration list for PBXNativeTarget "BussTicketApp" */ = {
			isa = XCConfigurationList;
			buildConfigurations = (
				3D8F70982BDCC52F005642CD /* Debug */,
				3D8F70992BDCC52F005642CD /* Release */,
			);
			defaultConfigurationIsVisible = 0;
			defaultConfigurationName = Release;
		};
/* End XCConfigurationList section */
	};
	rootObject = 3D8F707B2BDCC52E005642CD /* Project object */;
}
